
Microsoft Visual Studio Solution File, Format Version 12.00
# Visual Studio 15
VisualStudioVersion = 15.0.27130.2026
MinimumVisualStudioVersion = 10.0.40219.1
Project("{8BC9CEB8-8B4A-11D0-8D11-00A0C91BC942}") = "Parent", "Parent\Parent.vcxproj", "{E9FF3CFC-C622-40BA-B9A3-84FCCE6DFE5E}"
	ProjectSection(ProjectDependencies) = postProject
		{992C56C4-9749-402C-B421-2887AC3A75AF} = {992C56C4-9749-402C-B421-2887AC3A75AF}
	EndProjectSection
EndProject
Project("{8BC9CEB8-8B4A-11D0-8D11-00A0C91BC942}") = "Child", "Child\Child.vcxproj", "{992C56C4-9749-402C-B421-2887AC3A75AF}"
EndProject
Global
	GlobalSection(SolutionConfigurationPlatforms) = preSolution
		Debug|x64 = Debug|x64
		Debug|x86 = Debug|x86
		Release|x64 = Release|x64
		Release|x86 = Release|x86
	EndGlobalSection
	GlobalSection(ProjectConfigurationPlatforms) = postSolution
		{E9FF3CFC-C622-40BA-B9A3-84FCCE6DFE5E}.Debug|x64.ActiveCfg = Debug|x64
		{E9FF3CFC-C622-40BA-B9A3-84FCCE6DFE5E}.Debug|x64.Build.0 = Debug|x64
		{E9FF3CFC-C622-40BA-B9A3-84FCCE6DFE5E}.Debug|x86.ActiveCfg = Debug|Win32
		{E9FF3CFC-C622-40BA-B9A3-84FCCE6DFE5E}.Debug|x86.Build.0 = Debug|Win32
		{E9FF3CFC-C622-40BA-B9A3-84FCCE6DFE5E}.Release|x64.ActiveCfg = Release|x64
		{E9FF3CFC-C622-40BA-B9A3-84FCCE6DFE5E}.Release|x64.Build.0 = Release|x64
		{E9FF3CFC-C622-40BA-B9A3-84FCCE6DFE5E}.Release|x86.ActiveCfg = Release|Win32
		{E9FF3CFC-C622-40BA-B9A3-84FCCE6DFE5E}.Release|x86.Build.0 = Release|Win32
		{992C56C4-9749-402C-B421-2887AC3A75AF}.Debug|x64.ActiveCfg = Debug|x64
		{992C56C4-9749-402C-B421-2887AC3A75AF}.Debug|x64.Build.0 = Debug|x64
		{992C56C4-9749-402C-B421-2887AC3A75AF}.Debug|x86.ActiveCfg = Debug|Win32
		{992C56C4-9749-402C-B421-2887AC3A75AF}.Debug|x86.Build.0 = Debug|Win32
		{992C56C4-9749-402C-B421-2887AC3A75AF}.Release|x64.ActiveCfg = Release|x64
		{992C56C4-9749-402C-B421-2887AC3A75AF}.Release|x64.Build.0 = Release|x64
		{992C56C4-9749-402C-B421-2887AC3A75AF}.Release|x86.ActiveCfg = Release|Win32
		{992C56C4-9749-402C-B421-2887AC3A75AF}.Release|x86.Build.0 = Release|Win32
	EndGlobalSection
	GlobalSection(SolutionProperties) = preSolution
		HideSolutionNode = FALSE
	EndGlobalSection
	GlobalSection(ExtensibilityGlobals) = postSolution
		SolutionGuid = {EB471707-09C2-402F-8ACC-32BC978747FC}
	EndGlobalSection
EndGlobal
